
Microsoft Visual Studio Solution File, Format Version 12.00
# Visual Studio Version 17
VisualStudioVersion = 17.5.002.0
MinimumVisualStudioVersion = 10.0.40219.1
Project("{9A19103F-16F7-4668-BE54-9A1E7A4F7556}") = "Shipment", "Shipment.csproj", "{EE4A81FE-447D-429F-80E7-1FA8444A795D}"
EndProject
Global
	GlobalSection(SolutionConfigurationPlatforms) = preSolution
		Debug|Any CPU = Debug|Any CPU
		Release|Any CPU = Release|Any CPU
	EndGlobalSection
	GlobalSection(ProjectConfigurationPlatforms) = postSolution
		{EE4A81FE-447D-429F-80E7-1FA8444A795D}.Debug|Any CPU.ActiveCfg = Debug|Any CPU
		{EE4A81FE-447D-429F-80E7-1FA8444A795D}.Debug|Any CPU.Build.0 = Debug|Any CPU
		{EE4A81FE-447D-429F-80E7-1FA8444A795D}.Release|Any CPU.ActiveCfg = Release|Any CPU
		{EE4A81FE-447D-429F-80E7-1FA8444A795D}.Release|Any CPU.Build.0 = Release|Any CPU
	EndGlobalSection
	GlobalSection(SolutionProperties) = preSolution
		HideSolutionNode = FALSE
	EndGlobalSection
	GlobalSection(ExtensibilityGlobals) = postSolution
		SolutionGuid = {227F7953-67DD-4762-8703-BB68EB8E4292}
	EndGlobalSection
EndGlobal
